// !$*UTF8*$!
{
	archiveVersion = 1;
	classes = {
	};
	objectVersion = 56;
	objects = {

/* Begin PBXBuildFile section */
		47247A4629095FFB00EE392F /* ContentView.swift in Sources */ = {isa = PBXBuildFile; fileRef = 47247A4529095FFB00EE392F /* ContentView.swift */; };
		47247A482909604200EE392F /* ViewModifiers.swift in Sources */ = {isa = PBXBuildFile; fileRef = 47247A472909604200EE392F /* ViewModifiers.swift */; };
		47247A4A2909607C00EE392F /* Extensions.swift in Sources */ = {isa = PBXBuildFile; fileRef = 47247A492909607C00EE392F /* Extensions.swift */; };
		47247A4C2909611600EE392F /* MarketView.swift in Sources */ = {isa = PBXBuildFile; fileRef = 47247A4B2909611600EE392F /* MarketView.swift */; };
		478C0C9A299FE2930021A019 /* s1.png in Resources */ = {isa = PBXBuildFile; fileRef = 478C0C99299FE2930021A019 /* s1.png */; };
		47E4EE562857B5CA00DDC428 /* PriceData.swift in Sources */ = {isa = PBXBuildFile; fileRef = 47E4EE552857B5CA00DDC428 /* PriceData.swift */; };
		47E5996C28564D3300D50FCE /* TinyBitcoinApp.swift in Sources */ = {isa = PBXBuildFile; fileRef = 47E5996B28564D3300D50FCE /* TinyBitcoinApp.swift */; };
		47E5997028564D3400D50FCE /* Assets.xcassets in Resources */ = {isa = PBXBuildFile; fileRef = 47E5996F28564D3400D50FCE /* Assets.xcassets */; };
		47E5997328564D3400D50FCE /* Preview Assets.xcassets in Resources */ = {isa = PBXBuildFile; fileRef = 47E5997228564D3400D50FCE /* Preview Assets.xcassets */; };
		47E5997C28564D4D00D50FCE /* Starscream in Frameworks */ = {isa = PBXBuildFile; productRef = 47E5997B28564D4D00D50FCE /* Starscream */; };
/* End PBXBuildFile section */

/* Begin PBXFileReference section */
		47247A4529095FFB00EE392F /* ContentView.swift */ = {isa = PBXFileReference; lastKnownFileType = sourcecode.swift; path = ContentView.swift; sourceTree = "<group>"; };
		47247A472909604200EE392F /* ViewModifiers.swift */ = {isa = PBXFileReference; lastKnownFileType = sourcecode.swift; path = ViewModifiers.swift; sourceTree = "<group>"; };
		47247A492909607C00EE392F /* Extensions.swift */ = {isa = PBXFileReference; lastKnownFileType = sourcecode.swift; path = Extensions.swift; sourceTree = "<group>"; };
		47247A4B2909611600EE392F /* MarketView.swift */ = {isa = PBXFileReference; lastKnownFileType = sourcecode.swift; path = MarketView.swift; sourceTree = "<group>"; };
		478C0C99299FE2930021A019 /* s1.png */ = {isa = PBXFileReference; lastKnownFileType = image.png; path = s1.png; sourceTree = "<group>"; };
		47E4EE552857B5CA00DDC428 /* PriceData.swift */ = {isa = PBXFileReference; lastKnownFileType = sourcecode.swift; path = PriceData.swift; sourceTree = "<group>"; };
		47E5996828564D3300D50FCE /* TinyBitcoin.app */ = {isa = PBXFileReference; explicitFileType = wrapper.application; includeInIndex = 0; path = TinyBitcoin.app; sourceTree = BUILT_PRODUCTS_DIR; };
		47E5996B28564D3300D50FCE /* TinyBitcoinApp.swift */ = {isa = PBXFileReference; lastKnownFileType = sourcecode.swift; path = TinyBitcoinApp.swift; sourceTree = "<group>"; };
		47E5996F28564D3400D50FCE /* Assets.xcassets */ = {isa = PBXFileReference; lastKnownFileType = folder.assetcatalog; path = Assets.xcassets; sourceTree = "<group>"; };
		47E5997228564D3400D50FCE /* Preview Assets.xcassets */ = {isa = PBXFileReference; lastKnownFileType = folder.assetcatalog; path = "Preview Assets.xcassets"; sourceTree = "<group>"; };
		47E5997428564D3400D50FCE /* TinyBitcoin.entitlements */ = {isa = PBXFileReference; lastKnownFileType = text.plist.entitlements; path = TinyBitcoin.entitlements; sourceTree = "<group>"; };
		47E5997D28565E8F00D50FCE /* Info.plist */ = {isa = PBXFileReference; lastKnownFileType = text.plist; path = Info.plist; sourceTree = "<group>"; };
/* End PBXFileReference section */

/* Begin PBXFrameworksBuildPhase section */
		47E5996528564D3300D50FCE /* Frameworks */ = {
			isa = PBXFrameworksBuildPhase;
			buildActionMask = 2147483647;
			files = (
				47E5997C28564D4D00D50FCE /* Starscream in Frameworks */,
			);
			runOnlyForDeploymentPostprocessing = 0;
		};
/* End PBXFrameworksBuildPhase section */

/* Begin PBXGroup section */
		478C0C98299FE2540021A019 /* Screenshots */ = {
			isa = PBXGroup;
			children = (
				478C0C99299FE2930021A019 /* s1.png */,
			);
			path = Screenshots;
			sourceTree = "<group>";
		};
		47E5995F28564D3300D50FCE = {
			isa = PBXGroup;
			children = (
				478C0C98299FE2540021A019 /* Screenshots */,
				47E5996A28564D3300D50FCE /* TinyBitcoin */,
				47E5996928564D3300D50FCE /* Products */,
			);
			sourceTree = "<group>";
		};
		47E5996928564D3300D50FCE /* Products */ = {
			isa = PBXGroup;
			children = (
				47E5996828564D3300D50FCE /* TinyBitcoin.app */,
			);
			name = Products;
			sourceTree = "<group>";
		};
		47E5996A28564D3300D50FCE /* TinyBitcoin */ = {
			isa = PBXGroup;
			children = (
				47E5997D28565E8F00D50FCE /* Info.plist */,
				47E5996B28564D3300D50FCE /* TinyBitcoinApp.swift */,
				47E4EE552857B5CA00DDC428 /* PriceData.swift */,
				47247A4529095FFB00EE392F /* ContentView.swift */,
				47247A472909604200EE392F /* ViewModifiers.swift */,
				47247A492909607C00EE392F /* Extensions.swift */,
				47247A4B2909611600EE392F /* MarketView.swift */,
				47E5996F28564D3400D50FCE /* Assets.xcassets */,
				47E5997428564D3400D50FCE /* TinyBitcoin.entitlements */,
				47E5997128564D3400D50FCE /* Preview Content */,
			);
			path = TinyBitcoin;
			sourceTree = "<group>";
		};
		47E5997128564D3400D50FCE /* Preview Content */ = {
			isa = PBXGroup;
			children = (
				47E5997228564D3400D50FCE /* Preview Assets.xcassets */,
			);
			path = "Preview Content";
			sourceTree = "<group>";
		};
/* End PBXGroup section */

/* Begin PBXNativeTarget section */
		47E5996728564D3300D50FCE /* TinyBitcoin */ = {
			isa = PBXNativeTarget;
			buildConfigurationList = 47E5997728564D3400D50FCE /* Build configuration list for PBXNativeTarget "TinyBitcoin" */;
			buildPhases = (
				47E5996428564D3300D50FCE /* Sources */,
				47E5996528564D3300D50FCE /* Frameworks */,
				47E5996628564D3300D50FCE /* Resources */,
			);
			buildRules = (
			);
			dependencies = (
			);
			name = TinyBitcoin;
			packageProductDependencies = (
				47E5997B28564D4D00D50FCE /* Starscream */,
			);
			productName = TinyBitcoin;
			productReference = 47E5996828564D3300D50FCE /* TinyBitcoin.app */;
			productType = "com.apple.product-type.application";
		};
/* End PBXNativeTarget section */

/* Begin PBXProject section */
		47E5996028564D3300D50FCE /* Project object */ = {
			isa = PBXProject;
			attributes = {
				BuildIndependentTargetsInParallel = 1;
				LastSwiftUpdateCheck = 1400;
				LastUpgradeCheck = 1410;
				TargetAttributes = {
					47E5996728564D3300D50FCE = {
						CreatedOnToolsVersion = 14.0;
					};
				};
			};
			buildConfigurationList = 47E5996328564D3300D50FCE /* Build configuration list for PBXProject "TinyBitcoin" */;
			compatibilityVersion = "Xcode 14.0";
			developmentRegion = en;
			hasScannedForEncodings = 0;
			knownRegions = (
				en,
				Base,
			);
			mainGroup = 47E5995F28564D3300D50FCE;
			packageReferences = (
				47E5997A28564D4D00D50FCE /* XCRemoteSwiftPackageReference "Starscream" */,
			);
			productRefGroup = 47E5996928564D3300D50FCE /* Products */;
			projectDirPath = "";
			projectRoot = "";
			targets = (
				47E5996728564D3300D50FCE /* TinyBitcoin */,
			);
		};
/* End PBXProject section */

/* Begin PBXResourcesBuildPhase section */
		47E5996628564D3300D50FCE /* Resources */ = {
			isa = PBXResourcesBuildPhase;
			buildActionMask = 2147483647;
			files = (
				47E5997328564D3400D50FCE /* Preview Assets.xcassets in Resources */,
				47E5997028564D3400D50FCE /* Assets.xcassets in Resources */,
				478C0C9A299FE2930021A019 /* s1.png in Resources */,
			);
			runOnlyForDeploymentPostprocessing = 0;
		};
/* End PBXResourcesBuildPhase section */

/* Begin PBXSourcesBuildPhase section */
		47E5996428564D3300D50FCE /* Sources */ = {
			isa = PBXSourcesBuildPhase;
			buildActionMask = 2147483647;
			files = (
				47247A482909604200EE392F /* ViewModifiers.swift in Sources */,
				47247A4A2909607C00EE392F /* Extensions.swift in Sources */,
				47247A4629095FFB00EE392F /* ContentView.swift in Sources */,
				47E4EE562857B5CA00DDC428 /* PriceData.swift in Sources */,
				47E5996C28564D3300D50FCE /* TinyBitcoinApp.swift in Sources */,
				47247A4C2909611600EE392F /* MarketView.swift in Sources */,
			);
			runOnlyForDeploymentPostprocessing = 0;
		};
/* End PBXSourcesBuildPhase section */

/* Begin XCBuildConfiguration section */
		47E5997528564D3400D50FCE /* Debug */ = {
			isa = XCBuildConfiguration;
			buildSettings = {
				ALWAYS_SEARCH_USER_PATHS = NO;
				CLANG_ANALYZER_NONNULL = YES;
				CLANG_ANALYZER_NUMBER_OBJECT_CONVERSION = YES_AGGRESSIVE;
				CLANG_CXX_LANGUAGE_STANDARD = "gnu++17";
				CLANG_ENABLE_MODULES = YES;
				CLANG_ENABLE_OBJC_ARC = YES;
				CLANG_ENABLE_OBJC_WEAK = YES;
				CLANG_WARN_BLOCK_CAPTURE_AUTORELEASING = YES;
				CLANG_WARN_BOOL_CONVERSION = YES;
				CLANG_WARN_COMMA = YES;
				CLANG_WARN_CONSTANT_CONVERSION = YES;
				CLANG_WARN_DEPRECATED_OBJC_IMPLEMENTATIONS = YES;
				CLANG_WARN_DIRECT_OBJC_ISA_USAGE = YES_ERROR;
				CLANG_WARN_DOCUMENTATION_COMMENTS = YES;
				CLANG_WARN_EMPTY_BODY = YES;
				CLANG_WARN_ENUM_CONVERSION = YES;
				CLANG_WARN_INFINITE_RECURSION = YES;
				CLANG_WARN_INT_CONVERSION = YES;
				CLANG_WARN_NON_LITERAL_NULL_CONVERSION = YES;
				CLANG_WARN_OBJC_IMPLICIT_RETAIN_SELF = YES;
				CLANG_WARN_OBJC_LITERAL_CONVERSION = YES;
				CLANG_WARN_OBJC_ROOT_CLASS = YES_ERROR;
				CLANG_WARN_QUOTED_INCLUDE_IN_FRAMEWORK_HEADER = YES;
				CLANG_WARN_RANGE_LOOP_ANALYSIS = YES;
				CLANG_WARN_STRICT_PROTOTYPES = YES;
				CLANG_WARN_SUSPICIOUS_MOVE = YES;
				CLANG_WARN_UNGUARDED_AVAILABILITY = YES_AGGRESSIVE;
				CLANG_WARN_UNREACHABLE_CODE = YES;
				CLANG_WARN__DUPLICATE_METHOD_MATCH = YES;
				COPY_PHASE_STRIP = NO;
				DEAD_CODE_STRIPPING = YES;
				DEBUG_INFORMATION_FORMAT = dwarf;
				ENABLE_STRICT_OBJC_MSGSEND = YES;
				ENABLE_TESTABILITY = YES;
				GCC_C_LANGUAGE_STANDARD = gnu11;
				GCC_DYNAMIC_NO_PIC = NO;
				GCC_NO_COMMON_BLOCKS = YES;
				GCC_OPTIMIZATION_LEVEL = 0;
				GCC_PREPROCESSOR_DEFINITIONS = (
					"DEBUG=1",
					"$(inherited)",
				);
				GCC_WARN_64_TO_32_BIT_CONVERSION = YES;
				GCC_WARN_ABOUT_RETURN_TYPE = YES_ERROR;
				GCC_WARN_UNDECLARED_SELECTOR = YES;
				GCC_WARN_UNINITIALIZED_AUTOS = YES_AGGRESSIVE;
				GCC_WARN_UNUSED_FUNCTION = YES;
				GCC_WARN_UNUSED_VARIABLE = YES;
				MACOSX_DEPLOYMENT_TARGET = 13.0;
				MTL_ENABLE_DEBUG_INFO = INCLUDE_SOURCE;
				MTL_FAST_MATH = YES;
				ONLY_ACTIVE_ARCH = YES;
				SDKROOT = macosx;
				SWIFT_ACTIVE_COMPILATION_CONDITIONS = DEBUG;
				SWIFT_OPTIMIZATION_LEVEL = "-Onone";
			};
			name = Debug;
		};
		47E5997628564D3400D50FCE /* Release */ = {
			isa = XCBuildConfiguration;
			buildSettings = {
				ALWAYS_SEARCH_USER_PATHS = NO;
				CLANG_ANALYZER_NONNULL = YES;
				CLANG_ANALYZER_NUMBER_OBJECT_CONVERSION = YES_AGGRESSIVE;
				CLANG_CXX_LANGUAGE_STANDARD = "gnu++17";
				CLANG_ENABLE_MODULES = YES;
				CLANG_ENABLE_OBJC_ARC = YES;
				CLANG_ENABLE_OBJC_WEAK = YES;
				CLANG_WARN_BLOCK_CAPTURE_AUTORELEASING = YES;
				CLANG_WARN_BOOL_CONVERSION = YES;
				CLANG_WARN_COMMA = YES;
				CLANG_WARN_CONSTANT_CONVERSION = YES;
				CLANG_WARN_DEPRECATED_OBJC_IMPLEMENTATIONS = YES;
				CLANG_WARN_DIRECT_OBJC_ISA_USAGE = YES_ERROR;
				CLANG_WARN_DOCUMENTATION_COMMENTS = YES;
				CLANG_WARN_EMPTY_BODY = YES;
				CLANG_WARN_ENUM_CONVERSION = YES;
				CLANG_WARN_INFINITE_RECURSION = YES;
				CLANG_WARN_INT_CONVERSION = YES;
				CLANG_WARN_NON_LITERAL_NULL_CONVERSION = YES;
				CLANG_WARN_OBJC_IMPLICIT_RETAIN_SELF = YES;
				CLANG_WARN_OBJC_LITERAL_CONVERSION = YES;
				CLANG_WARN_OBJC_ROOT_CLASS = YES_ERROR;
				CLANG_WARN_QUOTED_INCLUDE_IN_FRAMEWORK_HEADER = YES;
				CLANG_WARN_RANGE_LOOP_ANALYSIS = YES;
				CLANG_WARN_STRICT_PROTOTYPES = YES;
				CLANG_WARN_SUSPICIOUS_MOVE = YES;
				CLANG_WARN_UNGUARDED_AVAILABILITY = YES_AGGRESSIVE;
				CLANG_WARN_UNREACHABLE_CODE = YES;
				CLANG_WARN__DUPLICATE_METHOD_MATCH = YES;
				COPY_PHASE_STRIP = NO;
				DEAD_CODE_STRIPPING = YES;
				DEBUG_INFORMATION_FORMAT = "dwarf-with-dsym";
				ENABLE_NS_ASSERTIONS = NO;
				ENABLE_STRICT_OBJC_MSGSEND = YES;
				GCC_C_LANGUAGE_STANDARD = gnu11;
				GCC_NO_COMMON_BLOCKS = YES;
				GCC_WARN_64_TO_32_BIT_CONVERSION = YES;
				GCC_WARN_ABOUT_RETURN_TYPE = YES_ERROR;
				GCC_WARN_UNDECLARED_SELECTOR = YES;
				GCC_WARN_UNINITIALIZED_AUTOS = YES_AGGRESSIVE;
				GCC_WARN_UNUSED_FUNCTION = YES;
				GCC_WARN_UNUSED_VARIABLE = YES;
				MACOSX_DEPLOYMENT_TARGET = 13.0;
				MTL_ENABLE_DEBUG_INFO = NO;
				MTL_FAST_MATH = YES;
				SDKROOT = macosx;
				SWIFT_COMPILATION_MODE = wholemodule;
				SWIFT_OPTIMIZATION_LEVEL = "-O";
			};
			name = Release;
		};
		47E5997828564D3400D50FCE /* Debug */ = {
			isa = XCBuildConfiguration;
			buildSettings = {
				ASSETCATALOG_COMPILER_APPICON_NAME = AppIcon;
				ASSETCATALOG_COMPILER_GLOBAL_ACCENT_COLOR_NAME = AccentColor;
				CODE_SIGN_ENTITLEMENTS = TinyBitcoin/TinyBitcoin.entitlements;
				CODE_SIGN_IDENTITY = "-";
				"CODE_SIGN_IDENTITY[sdk=macosx*]" = "Apple Development";
				CODE_SIGN_STYLE = Automatic;
				COMBINE_HIDPI_IMAGES = YES;
				CURRENT_PROJECT_VERSION = 4;
				DEAD_CODE_STRIPPING = YES;
				DEVELOPMENT_ASSET_PATHS = "\"TinyBitcoin/Preview Content\"";
				DEVELOPMENT_TEAM = MHMRS5FLW6;
				ENABLE_HARDENED_RUNTIME = YES;
				ENABLE_PREVIEWS = YES;
				GENERATE_INFOPLIST_FILE = YES;
				INFOPLIST_FILE = TinyBitcoin/Info.plist;
				INFOPLIST_KEY_LSApplicationCategoryType = "public.app-category.finance";
				INFOPLIST_KEY_NSHumanReadableCopyright = "";
				LD_RUNPATH_SEARCH_PATHS = (
					"$(inherited)",
					"@executable_path/../Frameworks",
				);
				MARKETING_VERSION = 1.0;
				PRODUCT_BUNDLE_IDENTIFIER = com.galaxoidlabs.TinyBitcoin;
				PRODUCT_NAME = "$(TARGET_NAME)";
				SWIFT_EMIT_LOC_STRINGS = YES;
				SWIFT_VERSION = 5.0;
			};
			name = Debug;
		};
		47E5997928564D3400D50FCE /* Release */ = {
			isa = XCBuildConfiguration;
			buildSettings = {
				ASSETCATALOG_COMPILER_APPICON_NAME = AppIcon;
				ASSETCATALOG_COMPILER_GLOBAL_ACCENT_COLOR_NAME = AccentColor;
				CODE_SIGN_ENTITLEMENTS = TinyBitcoin/TinyBitcoin.entitlements;
				CODE_SIGN_IDENTITY = "-";
				"CODE_SIGN_IDENTITY[sdk=macosx*]" = "Apple Development";
				CODE_SIGN_STYLE = Automatic;
				COMBINE_HIDPI_IMAGES = YES;
				CURRENT_PROJECT_VERSION = 4;
				DEAD_CODE_STRIPPING = YES;
				DEVELOPMENT_ASSET_PATHS = "\"TinyBitcoin/Preview Content\"";
				DEVELOPMENT_TEAM = MHMRS5FLW6;
				ENABLE_HARDENED_RUNTIME = YES;
				ENABLE_PREVIEWS = YES;
				GENERATE_INFOPLIST_FILE = YES;
				INFOPLIST_FILE = TinyBitcoin/Info.plist;
				INFOPLIST_KEY_LSApplicationCategoryType = "public.app-category.finance";
				INFOPLIST_KEY_NSHumanReadableCopyright = "";
				LD_RUNPATH_SEARCH_PATHS = (
					"$(inherited)",
					"@executable_path/../Frameworks",
				);
				MARKETING_VERSION = 1.0;
				PRODUCT_BUNDLE_IDENTIFIER = com.galaxoidlabs.TinyBitcoin;
				PRODUCT_NAME = "$(TARGET_NAME)";
				SWIFT_EMIT_LOC_STRINGS = YES;
				SWIFT_VERSION = 5.0;
			};
			name = Release;
		};
/* End XCBuildConfiguration section */

/* Begin XCConfigurationList section */
		47E5996328564D3300D50FCE /* Build configuration list for PBXProject "TinyBitcoin" */ = {
			isa = XCConfigurationList;
			buildConfigurations = (
				47E5997528564D3400D50FCE /* Debug */,
				47E5997628564D3400D50FCE /* Release */,
			);
			defaultConfigurationIsVisible = 0;
			defaultConfigurationName = Release;
		};
		47E5997728564D3400D50FCE /* Build configuration list for PBXNativeTarget "TinyBitcoin" */ = {
			isa = XCConfigurationList;
			buildConfigurations = (
				47E5997828564D3400D50FCE /* Debug */,
				47E5997928564D3400D50FCE /* Release */,
			);
			defaultConfigurationIsVisible = 0;
			defaultConfigurationName = Release;
		};
/* End XCConfigurationList section */

/* Begin XCRemoteSwiftPackageReference section */
		47E5997A28564D4D00D50FCE /* XCRemoteSwiftPackageReference "Starscream" */ = {
			isa = XCRemoteSwiftPackageReference;
			repositoryURL = "https://github.com/daltoniam/Starscream.git";
			requirement = {
				branch = master;
				kind = branch;
			};
		};
/* End XCRemoteSwiftPackageReference section */

/* Begin XCSwiftPackageProductDependency section */
		47E5997B28564D4D00D50FCE /* Starscream */ = {
			isa = XCSwiftPackageProductDependency;
			package = 47E5997A28564D4D00D50FCE /* XCRemoteSwiftPackageReference "Starscream" */;
			productName = Starscream;
		};
/* End XCSwiftPackageProductDependency section */
	};
	rootObject = 47E5996028564D3300D50FCE /* Project object */;
}
